
Microsoft Visual Studio Solution File, Format Version 10.00
# Visual Studio 2008
Project("{FAE04EC0-301F-11D3-BF4B-00C04F79EFBC}") = "TennisKata", "TennisKata\TennisKata.csproj", "{BFF53A47-006F-4984-AA91-844F6235450A}"
EndProject
Global
	GlobalSection(SolutionConfigurationPlatforms) = preSolution
		Debug|Any CPU = Debug|Any CPU
		Release|Any CPU = Release|Any CPU
	EndGlobalSection
	GlobalSection(ProjectConfigurationPlatforms) = postSolution
		{BFF53A47-006F-4984-AA91-844F6235450A}.Debug|Any CPU.ActiveCfg = Debug|Any CPU
		{BFF53A47-006F-4984-AA91-844F6235450A}.Debug|Any CPU.Build.0 = Debug|Any CPU
		{BFF53A47-006F-4984-AA91-844F6235450A}.Release|Any CPU.ActiveCfg = Release|Any CPU
		{BFF53A47-006F-4984-AA91-844F6235450A}.Release|Any CPU.Build.0 = Release|Any CPU
	EndGlobalSection
	GlobalSection(SolutionProperties) = preSolution
		HideSolutionNode = FALSE
	EndGlobalSection
EndGlobal
